{
  "name": "@autofleet/locomotion-sdk",
  "version": "1.0.6",
  "lockfileVersion": 1,
  "requires": true,
  "dependencies": {
    "@babel/runtime": {
      "version": "7.8.4",
      "resolved": "https://registry.npmjs.org/@babel/runtime/-/runtime-7.8.4.tgz",
      "integrity": "sha512-neAp3zt80trRVBI1x0azq6c57aNBqYZH8KhMm3TaB7wEI5Q4A2SHfBHE8w9gOhI/lrqxtEbXZgQIrHP+wvSGwQ==",
      "requires": {
        "regenerator-runtime": "^0.13.2"
      }
    },
    "fn-name": {
      "version": "2.0.1",
      "resolved": "https://registry.npmjs.org/fn-name/-/fn-name-2.0.1.tgz",
      "integrity": "sha1-UhTXU3pNBqSjAcDMJi/rhBiAAuc="
    },
    "lodash": {
      "version": "4.17.15",
      "resolved": "https://registry.npmjs.org/lodash/-/lodash-4.17.15.tgz",
      "integrity": "sha512-8xOcRHvCjnocdS5cpwXQXVzmmh5e5+saE2QGoeQmbKmRS6J3VQppPOIt0MnmE+4xlZoumy0GPG0D0MVIQbNA1A=="
    },
    "lodash-es": {
      "version": "4.17.15",
      "resolved": "https://registry.npmjs.org/lodash-es/-/lodash-es-4.17.15.tgz",
      "integrity": "sha512-rlrc3yU3+JNOpZ9zj5pQtxnx2THmvRykwL4Xlxoa8I9lHBlVbbyPhgyPMioxVZ4NqyxaVVtaJnzsyOidQIhyyQ=="
    },
    "property-expr": {
      "version": "1.5.1",
      "resolved": "https://registry.npmjs.org/property-expr/-/property-expr-1.5.1.tgz",
      "integrity": "sha512-CGuc0VUTGthpJXL36ydB6jnbyOf/rAHFvmVrJlH+Rg0DqqLFQGAP6hIaxD/G0OAmBJPhXDHuEJigrp0e0wFV6g=="
    },
    "regenerator-runtime": {
      "version": "0.13.3",
      "resolved": "https://registry.npmjs.org/regenerator-runtime/-/regenerator-runtime-0.13.3.tgz",
      "integrity": "sha512-naKIZz2GQ8JWh///G7L3X6LaQUAMp2lvb1rvwwsURe/VXwD6VMfr+/1NuNw3ag8v2kY1aQ/go5SNn79O9JU7yw=="
    },
    "synchronous-promise": {
      "version": "2.0.10",
      "resolved": "https://registry.npmjs.org/synchronous-promise/-/synchronous-promise-2.0.10.tgz",
      "integrity": "sha512-6PC+JRGmNjiG3kJ56ZMNWDPL8hjyghF5cMXIFOKg+NiwwEZZIvxTWd0pinWKyD227odg9ygF8xVhhz7gb8Uq7A=="
    },
    "toposort": {
      "version": "2.0.2",
      "resolved": "https://registry.npmjs.org/toposort/-/toposort-2.0.2.tgz",
      "integrity": "sha1-riF2gXXRVZ1IvvNUILL0li8JwzA="
    },
    "yup": {
      "version": "0.28.1",
      "resolved": "https://registry.npmjs.org/yup/-/yup-0.28.1.tgz",
      "integrity": "sha512-xSHMZA7UyecSG/CCTDCtnYZMjBrYDR/C7hu0fMsZ6UcS/ngko4qCVFbw+CAmNtHlbItKkvQ3YXITODeTj/dUkw==",
      "requires": {
        "@babel/runtime": "^7.0.0",
        "fn-name": "~2.0.1",
        "lodash": "^4.17.11",
        "lodash-es": "^4.17.11",
        "property-expr": "^1.5.0",
        "synchronous-promise": "^2.0.6",
        "toposort": "^2.0.2"
      }
    }
  }
}
